
Microsoft Visual Studio Solution File, Format Version 12.00
# Visual Studio Version 16
VisualStudioVersion = 16.0.29326.143
MinimumVisualStudioVersion = 10.0.40219.1
Project("{2150E333-8FDC-42A3-9474-1A3956D46DE8}") = "Modules", "Modules", "{C8B4CB77-4BD1-4C11-A1BE-B168FD10696B}"
EndProject
Project("{2150E333-8FDC-42A3-9474-1A3956D46DE8}") = "YashilDashboard", "YashilDashboard", "{189D4197-1722-4EC9-AD41-78CEFA25440A}"
EndProject
Project("{2150E333-8FDC-42A3-9474-1A3956D46DE8}") = "Data", "Data", "{8F18BCCE-74A4-4507-8D31-E1C3323415B8}"
EndProject
Project("{9A19103F-16F7-4668-BE54-9A1E7A4F7556}") = "Yashil.Core", "Data\Yashil.Core\Yashil.Core.csproj", "{A8E8F523-9773-45A4-88AB-5D4AD56B0004}"
EndProject
Project("{9A19103F-16F7-4668-BE54-9A1E7A4F7556}") = "Yashil.Infrastructure", "Data\Yashil.Infrastructure\Yashil.Infrastructure.csproj", "{9B91547A-2DBC-4595-BA86-E7D18640CAB1}"
EndProject
Project("{9A19103F-16F7-4668-BE54-9A1E7A4F7556}") = "YashilDashboard.Core", "Modules\YashilDashboard\YashilDashboard.Core\YashilDashboard.Core.csproj", "{490DE3C1-365B-459C-8952-B127CCFB30BB}"
EndProject
Project("{9A19103F-16F7-4668-BE54-9A1E7A4F7556}") = "YashilDashboard.Infrastructure", "Modules\YashilDashboard\YashilDashboard.Infrastructure\YashilDashboard.Infrastructure.csproj", "{3E20A9BB-3302-4E83-9CF1-45AAAB280A4A}"
EndProject
Project("{9A19103F-16F7-4668-BE54-9A1E7A4F7556}") = "YashilDashboard.Web", "Modules\YashilDashboard\YashilDashboard.Web\YashilDashboard.Web.csproj", "{7D4A5397-E3EB-49BC-8AF6-0983CBB9E71D}"
EndProject
Project("{2150E333-8FDC-42A3-9474-1A3956D46DE8}") = "YashilUserManagement", "YashilUserManagement", "{15739F03-1709-43AA-ABD1-3369412ABB21}"
EndProject
Project("{9A19103F-16F7-4668-BE54-9A1E7A4F7556}") = "YashilUserManagement.Core", "Modules\YashilUserManagement\YashilUserManagement.Core\YashilUserManagement.Core.csproj", "{480F1FE5-0ED8-455C-9302-97C850A62FE2}"
EndProject
Project("{9A19103F-16F7-4668-BE54-9A1E7A4F7556}") = "YashilUserManagement.Infrastructure", "Modules\YashilUserManagement\YashilUserManagement.Infrastructure\YashilUserManagement.Infrastructure.csproj", "{DF78F1E1-D2DC-4C83-B078-91495EBD365C}"
EndProject
Project("{9A19103F-16F7-4668-BE54-9A1E7A4F7556}") = "YashilUserManagement.Web", "Modules\YashilUserManagement\YashilUserManagement.Web\YashilUserManagement.Web.csproj", "{7E4E274F-9D7A-48CD-8021-83BE643B2674}"
EndProject
Project("{2150E333-8FDC-42A3-9474-1A3956D46DE8}") = "YashilReport", "YashilReport", "{C9BBE4EC-49F7-4BC3-9856-FCB70A9B20AF}"
EndProject
Project("{9A19103F-16F7-4668-BE54-9A1E7A4F7556}") = "YashilReport.Core", "Modules\YashilReport\YashilReport.Core\YashilReport.Core.csproj", "{D46D8085-1052-4521-A967-04E73FC330D8}"
EndProject
Project("{9A19103F-16F7-4668-BE54-9A1E7A4F7556}") = "YashilReport.Infrastructure", "Modules\YashilReport\YashilReport.Infrastructure\YashilReport.Infrastructure.csproj", "{10DF5D16-3FB8-4D43-A07F-ABF45AC0184F}"
EndProject
Project("{9A19103F-16F7-4668-BE54-9A1E7A4F7556}") = "YashilReport.Web", "Modules\YashilReport\YashilReport.Web\YashilReport.Web.csproj", "{E8276A4D-7EFE-4352-B0AC-396A0F315C70}"
EndProject
Project("{9A19103F-16F7-4668-BE54-9A1E7A4F7556}") = "Yashil.WebHost", "Yashil.WebHost\Yashil.WebHost.csproj", "{31152CF9-5D0A-481F-91DD-21B3019D48E1}"
EndProject
Project("{2150E333-8FDC-42A3-9474-1A3956D46DE8}") = "YashilBaseInfo", "YashilBaseInfo", "{403EA4D3-8C7C-49F0-A812-294E694909AE}"
EndProject
Project("{9A19103F-16F7-4668-BE54-9A1E7A4F7556}") = "YashilBaseInfo.Core", "Modules\YashilBaseInfo\YashilBaseInfo.Core\YashilBaseInfo.Core.csproj", "{5C4904A2-B73E-4602-B1EB-21D03C8BCD65}"
EndProject
Project("{9A19103F-16F7-4668-BE54-9A1E7A4F7556}") = "YashilBaseInfo.Infrastructure", "Modules\YashilBaseInfo\YashilBaseInfo.Infrastructure\YashilBaseInfo.Infrastructure.csproj", "{ED0E7E7E-C249-4920-B6F8-CC3617FC42AD}"
EndProject
Project("{9A19103F-16F7-4668-BE54-9A1E7A4F7556}") = "YashilBaseInfo.Web", "Modules\YashilBaseInfo\YashilBaseInfo.Web\YashilBaseInfo.Web.csproj", "{FF6C3286-274E-4CA2-BAA8-6EEC470B2E78}"
EndProject
Project("{2150E333-8FDC-42A3-9474-1A3956D46DE8}") = "YashilDms", "YashilDms", "{D724A1AF-11AC-4CBE-8114-3D21061CA9F9}"
EndProject
Project("{9A19103F-16F7-4668-BE54-9A1E7A4F7556}") = "YashilDms.Core", "Modules\YashilDms\YashilDms.Core\YashilDms.Core.csproj", "{2FC36429-CCE7-4076-9CC0-97D315AC76CD}"
EndProject
Project("{9A19103F-16F7-4668-BE54-9A1E7A4F7556}") = "YashilDms.Infrastructure", "Modules\YashilDms\YashilDms.Infrastructure\YashilDms.Infrastructure.csproj", "{B99F9BA4-EDEE-4EDD-B0EB-F01630C1BBFA}"
EndProject
Project("{9A19103F-16F7-4668-BE54-9A1E7A4F7556}") = "YashilDms.Web", "Modules\YashilDms\YashilDms.Web\YashilDms.Web.csproj", "{1560E37E-413C-407D-B8D4-09572A0B5A2F}"
EndProject
Project("{2150E333-8FDC-42A3-9474-1A3956D46DE8}") = "YashilTms", "YashilTms", "{84E05F64-ECB3-44E7-A748-5A8952708ED0}"
EndProject
Project("{9A19103F-16F7-4668-BE54-9A1E7A4F7556}") = "YashilTms.Core", "Modules\YashilTms\YashilTms.Core\YashilTms.Core.csproj", "{96FBAD4A-DD19-41FB-A70A-9A142CB465E3}"
EndProject
Project("{9A19103F-16F7-4668-BE54-9A1E7A4F7556}") = "YashilTms.Infrastructure", "Modules\YashilTms\YashilTms.Infrastructure\YashilTms.Infrastructure.csproj", "{074853A8-BE97-4E0A-ADC6-1A43DA29B43B}"
EndProject
Project("{9A19103F-16F7-4668-BE54-9A1E7A4F7556}") = "YashilTms.Web", "Modules\YashilTms\YashilTms.Web\YashilTms.Web.csproj", "{6D94630D-481C-482F-8E4C-5FE0CA118907}"
EndProject
Global
	GlobalSection(SolutionConfigurationPlatforms) = preSolution
		Debug|Any CPU = Debug|Any CPU
		Release|Any CPU = Release|Any CPU
	EndGlobalSection
	GlobalSection(ProjectConfigurationPlatforms) = postSolution
		{A8E8F523-9773-45A4-88AB-5D4AD56B0004}.Debug|Any CPU.ActiveCfg = Debug|Any CPU
		{A8E8F523-9773-45A4-88AB-5D4AD56B0004}.Debug|Any CPU.Build.0 = Debug|Any CPU
		{A8E8F523-9773-45A4-88AB-5D4AD56B0004}.Release|Any CPU.ActiveCfg = Release|Any CPU
		{A8E8F523-9773-45A4-88AB-5D4AD56B0004}.Release|Any CPU.Build.0 = Release|Any CPU
		{9B91547A-2DBC-4595-BA86-E7D18640CAB1}.Debug|Any CPU.ActiveCfg = Debug|Any CPU
		{9B91547A-2DBC-4595-BA86-E7D18640CAB1}.Debug|Any CPU.Build.0 = Debug|Any CPU
		{9B91547A-2DBC-4595-BA86-E7D18640CAB1}.Release|Any CPU.ActiveCfg = Release|Any CPU
		{9B91547A-2DBC-4595-BA86-E7D18640CAB1}.Release|Any CPU.Build.0 = Release|Any CPU
		{490DE3C1-365B-459C-8952-B127CCFB30BB}.Debug|Any CPU.ActiveCfg = Debug|Any CPU
		{490DE3C1-365B-459C-8952-B127CCFB30BB}.Debug|Any CPU.Build.0 = Debug|Any CPU
		{490DE3C1-365B-459C-8952-B127CCFB30BB}.Release|Any CPU.ActiveCfg = Release|Any CPU
		{490DE3C1-365B-459C-8952-B127CCFB30BB}.Release|Any CPU.Build.0 = Release|Any CPU
		{3E20A9BB-3302-4E83-9CF1-45AAAB280A4A}.Debug|Any CPU.ActiveCfg = Debug|Any CPU
		{3E20A9BB-3302-4E83-9CF1-45AAAB280A4A}.Debug|Any CPU.Build.0 = Debug|Any CPU
		{3E20A9BB-3302-4E83-9CF1-45AAAB280A4A}.Release|Any CPU.ActiveCfg = Release|Any CPU
		{3E20A9BB-3302-4E83-9CF1-45AAAB280A4A}.Release|Any CPU.Build.0 = Release|Any CPU
		{7D4A5397-E3EB-49BC-8AF6-0983CBB9E71D}.Debug|Any CPU.ActiveCfg = Debug|Any CPU
		{7D4A5397-E3EB-49BC-8AF6-0983CBB9E71D}.Debug|Any CPU.Build.0 = Debug|Any CPU
		{7D4A5397-E3EB-49BC-8AF6-0983CBB9E71D}.Release|Any CPU.ActiveCfg = Release|Any CPU
		{7D4A5397-E3EB-49BC-8AF6-0983CBB9E71D}.Release|Any CPU.Build.0 = Release|Any CPU
		{480F1FE5-0ED8-455C-9302-97C850A62FE2}.Debug|Any CPU.ActiveCfg = Debug|Any CPU
		{480F1FE5-0ED8-455C-9302-97C850A62FE2}.Debug|Any CPU.Build.0 = Debug|Any CPU
		{480F1FE5-0ED8-455C-9302-97C850A62FE2}.Release|Any CPU.ActiveCfg = Release|Any CPU
		{480F1FE5-0ED8-455C-9302-97C850A62FE2}.Release|Any CPU.Build.0 = Release|Any CPU
		{DF78F1E1-D2DC-4C83-B078-91495EBD365C}.Debug|Any CPU.ActiveCfg = Debug|Any CPU
		{DF78F1E1-D2DC-4C83-B078-91495EBD365C}.Debug|Any CPU.Build.0 = Debug|Any CPU
		{DF78F1E1-D2DC-4C83-B078-91495EBD365C}.Release|Any CPU.ActiveCfg = Release|Any CPU
		{DF78F1E1-D2DC-4C83-B078-91495EBD365C}.Release|Any CPU.Build.0 = Release|Any CPU
		{7E4E274F-9D7A-48CD-8021-83BE643B2674}.Debug|Any CPU.ActiveCfg = Debug|Any CPU
		{7E4E274F-9D7A-48CD-8021-83BE643B2674}.Debug|Any CPU.Build.0 = Debug|Any CPU
		{7E4E274F-9D7A-48CD-8021-83BE643B2674}.Release|Any CPU.ActiveCfg = Release|Any CPU
		{7E4E274F-9D7A-48CD-8021-83BE643B2674}.Release|Any CPU.Build.0 = Release|Any CPU
		{D46D8085-1052-4521-A967-04E73FC330D8}.Debug|Any CPU.ActiveCfg = Debug|Any CPU
		{D46D8085-1052-4521-A967-04E73FC330D8}.Debug|Any CPU.Build.0 = Debug|Any CPU
		{D46D8085-1052-4521-A967-04E73FC330D8}.Release|Any CPU.ActiveCfg = Release|Any CPU
		{D46D8085-1052-4521-A967-04E73FC330D8}.Release|Any CPU.Build.0 = Release|Any CPU
		{10DF5D16-3FB8-4D43-A07F-ABF45AC0184F}.Debug|Any CPU.ActiveCfg = Debug|Any CPU
		{10DF5D16-3FB8-4D43-A07F-ABF45AC0184F}.Debug|Any CPU.Build.0 = Debug|Any CPU
		{10DF5D16-3FB8-4D43-A07F-ABF45AC0184F}.Release|Any CPU.ActiveCfg = Release|Any CPU
		{10DF5D16-3FB8-4D43-A07F-ABF45AC0184F}.Release|Any CPU.Build.0 = Release|Any CPU
		{E8276A4D-7EFE-4352-B0AC-396A0F315C70}.Debug|Any CPU.ActiveCfg = Debug|Any CPU
		{E8276A4D-7EFE-4352-B0AC-396A0F315C70}.Debug|Any CPU.Build.0 = Debug|Any CPU
		{E8276A4D-7EFE-4352-B0AC-396A0F315C70}.Release|Any CPU.ActiveCfg = Release|Any CPU
		{E8276A4D-7EFE-4352-B0AC-396A0F315C70}.Release|Any CPU.Build.0 = Release|Any CPU
		{31152CF9-5D0A-481F-91DD-21B3019D48E1}.Debug|Any CPU.ActiveCfg = Debug|Any CPU
		{31152CF9-5D0A-481F-91DD-21B3019D48E1}.Debug|Any CPU.Build.0 = Debug|Any CPU
		{31152CF9-5D0A-481F-91DD-21B3019D48E1}.Release|Any CPU.ActiveCfg = Release|Any CPU
		{31152CF9-5D0A-481F-91DD-21B3019D48E1}.Release|Any CPU.Build.0 = Release|Any CPU
		{5C4904A2-B73E-4602-B1EB-21D03C8BCD65}.Debug|Any CPU.ActiveCfg = Debug|Any CPU
		{5C4904A2-B73E-4602-B1EB-21D03C8BCD65}.Debug|Any CPU.Build.0 = Debug|Any CPU
		{5C4904A2-B73E-4602-B1EB-21D03C8BCD65}.Release|Any CPU.ActiveCfg = Release|Any CPU
		{5C4904A2-B73E-4602-B1EB-21D03C8BCD65}.Release|Any CPU.Build.0 = Release|Any CPU
		{ED0E7E7E-C249-4920-B6F8-CC3617FC42AD}.Debug|Any CPU.ActiveCfg = Debug|Any CPU
		{ED0E7E7E-C249-4920-B6F8-CC3617FC42AD}.Debug|Any CPU.Build.0 = Debug|Any CPU
		{ED0E7E7E-C249-4920-B6F8-CC3617FC42AD}.Release|Any CPU.ActiveCfg = Release|Any CPU
		{ED0E7E7E-C249-4920-B6F8-CC3617FC42AD}.Release|Any CPU.Build.0 = Release|Any CPU
		{FF6C3286-274E-4CA2-BAA8-6EEC470B2E78}.Debug|Any CPU.ActiveCfg = Debug|Any CPU
		{FF6C3286-274E-4CA2-BAA8-6EEC470B2E78}.Debug|Any CPU.Build.0 = Debug|Any CPU
		{FF6C3286-274E-4CA2-BAA8-6EEC470B2E78}.Release|Any CPU.ActiveCfg = Release|Any CPU
		{FF6C3286-274E-4CA2-BAA8-6EEC470B2E78}.Release|Any CPU.Build.0 = Release|Any CPU
		{2FC36429-CCE7-4076-9CC0-97D315AC76CD}.Debug|Any CPU.ActiveCfg = Debug|Any CPU
		{2FC36429-CCE7-4076-9CC0-97D315AC76CD}.Debug|Any CPU.Build.0 = Debug|Any CPU
		{2FC36429-CCE7-4076-9CC0-97D315AC76CD}.Release|Any CPU.ActiveCfg = Release|Any CPU
		{2FC36429-CCE7-4076-9CC0-97D315AC76CD}.Release|Any CPU.Build.0 = Release|Any CPU
		{B99F9BA4-EDEE-4EDD-B0EB-F01630C1BBFA}.Debug|Any CPU.ActiveCfg = Debug|Any CPU
		{B99F9BA4-EDEE-4EDD-B0EB-F01630C1BBFA}.Debug|Any CPU.Build.0 = Debug|Any CPU
		{B99F9BA4-EDEE-4EDD-B0EB-F01630C1BBFA}.Release|Any CPU.ActiveCfg = Release|Any CPU
		{B99F9BA4-EDEE-4EDD-B0EB-F01630C1BBFA}.Release|Any CPU.Build.0 = Release|Any CPU
		{1560E37E-413C-407D-B8D4-09572A0B5A2F}.Debug|Any CPU.ActiveCfg = Debug|Any CPU
		{1560E37E-413C-407D-B8D4-09572A0B5A2F}.Debug|Any CPU.Build.0 = Debug|Any CPU
		{1560E37E-413C-407D-B8D4-09572A0B5A2F}.Release|Any CPU.ActiveCfg = Release|Any CPU
		{1560E37E-413C-407D-B8D4-09572A0B5A2F}.Release|Any CPU.Build.0 = Release|Any CPU
		{96FBAD4A-DD19-41FB-A70A-9A142CB465E3}.Debug|Any CPU.ActiveCfg = Debug|Any CPU
		{96FBAD4A-DD19-41FB-A70A-9A142CB465E3}.Debug|Any CPU.Build.0 = Debug|Any CPU
		{96FBAD4A-DD19-41FB-A70A-9A142CB465E3}.Release|Any CPU.ActiveCfg = Release|Any CPU
		{96FBAD4A-DD19-41FB-A70A-9A142CB465E3}.Release|Any CPU.Build.0 = Release|Any CPU
		{074853A8-BE97-4E0A-ADC6-1A43DA29B43B}.Debug|Any CPU.ActiveCfg = Debug|Any CPU
		{074853A8-BE97-4E0A-ADC6-1A43DA29B43B}.Debug|Any CPU.Build.0 = Debug|Any CPU
		{074853A8-BE97-4E0A-ADC6-1A43DA29B43B}.Release|Any CPU.ActiveCfg = Release|Any CPU
		{074853A8-BE97-4E0A-ADC6-1A43DA29B43B}.Release|Any CPU.Build.0 = Release|Any CPU
		{6D94630D-481C-482F-8E4C-5FE0CA118907}.Debug|Any CPU.ActiveCfg = Debug|Any CPU
		{6D94630D-481C-482F-8E4C-5FE0CA118907}.Debug|Any CPU.Build.0 = Debug|Any CPU
		{6D94630D-481C-482F-8E4C-5FE0CA118907}.Release|Any CPU.ActiveCfg = Release|Any CPU
		{6D94630D-481C-482F-8E4C-5FE0CA118907}.Release|Any CPU.Build.0 = Release|Any CPU
	EndGlobalSection
	GlobalSection(SolutionProperties) = preSolution
		HideSolutionNode = FALSE
	EndGlobalSection
	GlobalSection(NestedProjects) = preSolution
		{189D4197-1722-4EC9-AD41-78CEFA25440A} = {C8B4CB77-4BD1-4C11-A1BE-B168FD10696B}
		{A8E8F523-9773-45A4-88AB-5D4AD56B0004} = {8F18BCCE-74A4-4507-8D31-E1C3323415B8}
		{9B91547A-2DBC-4595-BA86-E7D18640CAB1} = {8F18BCCE-74A4-4507-8D31-E1C3323415B8}
		{490DE3C1-365B-459C-8952-B127CCFB30BB} = {189D4197-1722-4EC9-AD41-78CEFA25440A}
		{3E20A9BB-3302-4E83-9CF1-45AAAB280A4A} = {189D4197-1722-4EC9-AD41-78CEFA25440A}
		{7D4A5397-E3EB-49BC-8AF6-0983CBB9E71D} = {189D4197-1722-4EC9-AD41-78CEFA25440A}
		{15739F03-1709-43AA-ABD1-3369412ABB21} = {C8B4CB77-4BD1-4C11-A1BE-B168FD10696B}
		{480F1FE5-0ED8-455C-9302-97C850A62FE2} = {15739F03-1709-43AA-ABD1-3369412ABB21}
		{DF78F1E1-D2DC-4C83-B078-91495EBD365C} = {15739F03-1709-43AA-ABD1-3369412ABB21}
		{7E4E274F-9D7A-48CD-8021-83BE643B2674} = {15739F03-1709-43AA-ABD1-3369412ABB21}
		{C9BBE4EC-49F7-4BC3-9856-FCB70A9B20AF} = {C8B4CB77-4BD1-4C11-A1BE-B168FD10696B}
		{D46D8085-1052-4521-A967-04E73FC330D8} = {C9BBE4EC-49F7-4BC3-9856-FCB70A9B20AF}
		{10DF5D16-3FB8-4D43-A07F-ABF45AC0184F} = {C9BBE4EC-49F7-4BC3-9856-FCB70A9B20AF}
		{E8276A4D-7EFE-4352-B0AC-396A0F315C70} = {C9BBE4EC-49F7-4BC3-9856-FCB70A9B20AF}
		{31152CF9-5D0A-481F-91DD-21B3019D48E1} = {C8B4CB77-4BD1-4C11-A1BE-B168FD10696B}
		{403EA4D3-8C7C-49F0-A812-294E694909AE} = {C8B4CB77-4BD1-4C11-A1BE-B168FD10696B}
		{5C4904A2-B73E-4602-B1EB-21D03C8BCD65} = {403EA4D3-8C7C-49F0-A812-294E694909AE}
		{ED0E7E7E-C249-4920-B6F8-CC3617FC42AD} = {403EA4D3-8C7C-49F0-A812-294E694909AE}
		{FF6C3286-274E-4CA2-BAA8-6EEC470B2E78} = {403EA4D3-8C7C-49F0-A812-294E694909AE}
		{D724A1AF-11AC-4CBE-8114-3D21061CA9F9} = {C8B4CB77-4BD1-4C11-A1BE-B168FD10696B}
		{2FC36429-CCE7-4076-9CC0-97D315AC76CD} = {D724A1AF-11AC-4CBE-8114-3D21061CA9F9}
		{B99F9BA4-EDEE-4EDD-B0EB-F01630C1BBFA} = {D724A1AF-11AC-4CBE-8114-3D21061CA9F9}
		{1560E37E-413C-407D-B8D4-09572A0B5A2F} = {D724A1AF-11AC-4CBE-8114-3D21061CA9F9}
		{84E05F64-ECB3-44E7-A748-5A8952708ED0} = {C8B4CB77-4BD1-4C11-A1BE-B168FD10696B}
		{96FBAD4A-DD19-41FB-A70A-9A142CB465E3} = {84E05F64-ECB3-44E7-A748-5A8952708ED0}
		{074853A8-BE97-4E0A-ADC6-1A43DA29B43B} = {84E05F64-ECB3-44E7-A748-5A8952708ED0}
		{6D94630D-481C-482F-8E4C-5FE0CA118907} = {84E05F64-ECB3-44E7-A748-5A8952708ED0}
	EndGlobalSection
	GlobalSection(ExtensibilityGlobals) = postSolution
		SolutionGuid = {E901C73E-C006-4599-AF45-83854223F433}
	EndGlobalSection
EndGlobal
